
Microsoft Visual Studio Solution File, Format Version 12.00
# Visual Studio Version 17
VisualStudioVersion = 17.13.35825.156
MinimumVisualStudioVersion = 10.0.40219.1
Project("{FAE04EC0-301F-11D3-BF4B-00C04F79EFBC}") = "projectBilliardManagement", "projectBilliardManagement.csproj", "{45C7AA49-048F-46AB-9BED-AD8AF9B7F5DD}"
EndProject
Project("{FAE04EC0-301F-11D3-BF4B-00C04F79EFBC}") = "Bilyaran BusinessDataLogic", "Bilyaran BusinessDataLogic\Bilyaran BusinessDataLogic.csproj", "{A31321FA-7D1B-227A-B8D2-4D06E8F0449F}"
EndProject
Project("{FAE04EC0-301F-11D3-BF4B-00C04F79EFBC}") = "BilyarDataLayer", "BilyarDataService\BilyarDataLayer.csproj", "{37742E65-DA0C-419F-A83F-F5C750FD258B}"
EndProject
Project("{FAE04EC0-301F-11D3-BF4B-00C04F79EFBC}") = "BilyarCommon", "BilyarCommon\BilyarCommon.csproj", "{98F9D5C2-8978-48C3-92CC-ABC1C36A0924}"
EndProject
Global
	GlobalSection(SolutionConfigurationPlatforms) = preSolution
		Debug|Any CPU = Debug|Any CPU
		Release|Any CPU = Release|Any CPU
	EndGlobalSection
	GlobalSection(ProjectConfigurationPlatforms) = postSolution
		{45C7AA49-048F-46AB-9BED-AD8AF9B7F5DD}.Debug|Any CPU.ActiveCfg = Debug|Any CPU
		{45C7AA49-048F-46AB-9BED-AD8AF9B7F5DD}.Debug|Any CPU.Build.0 = Debug|Any CPU
		{45C7AA49-048F-46AB-9BED-AD8AF9B7F5DD}.Release|Any CPU.ActiveCfg = Release|Any CPU
		{45C7AA49-048F-46AB-9BED-AD8AF9B7F5DD}.Release|Any CPU.Build.0 = Release|Any CPU
		{A31321FA-7D1B-227A-B8D2-4D06E8F0449F}.Debug|Any CPU.ActiveCfg = Debug|Any CPU
		{A31321FA-7D1B-227A-B8D2-4D06E8F0449F}.Debug|Any CPU.Build.0 = Debug|Any CPU
		{A31321FA-7D1B-227A-B8D2-4D06E8F0449F}.Release|Any CPU.ActiveCfg = Release|Any CPU
		{A31321FA-7D1B-227A-B8D2-4D06E8F0449F}.Release|Any CPU.Build.0 = Release|Any CPU
		{37742E65-DA0C-419F-A83F-F5C750FD258B}.Debug|Any CPU.ActiveCfg = Debug|Any CPU
		{37742E65-DA0C-419F-A83F-F5C750FD258B}.Debug|Any CPU.Build.0 = Debug|Any CPU
		{37742E65-DA0C-419F-A83F-F5C750FD258B}.Release|Any CPU.ActiveCfg = Release|Any CPU
		{37742E65-DA0C-419F-A83F-F5C750FD258B}.Release|Any CPU.Build.0 = Release|Any CPU
		{98F9D5C2-8978-48C3-92CC-ABC1C36A0924}.Debug|Any CPU.ActiveCfg = Debug|Any CPU
		{98F9D5C2-8978-48C3-92CC-ABC1C36A0924}.Debug|Any CPU.Build.0 = Debug|Any CPU
		{98F9D5C2-8978-48C3-92CC-ABC1C36A0924}.Release|Any CPU.ActiveCfg = Release|Any CPU
		{98F9D5C2-8978-48C3-92CC-ABC1C36A0924}.Release|Any CPU.Build.0 = Release|Any CPU
	EndGlobalSection
	GlobalSection(SolutionProperties) = preSolution
		HideSolutionNode = FALSE
	EndGlobalSection
	GlobalSection(ExtensibilityGlobals) = postSolution
		SolutionGuid = {9885FAF5-EB53-4909-9EAC-CAF917CB5AB8}
	EndGlobalSection
EndGlobal
